PODS:
  - FirstCocoapodsProject (0.1.0)

DEPENDENCIES:
  - FirstCocoapodsProject (from `../`)

EXTERNAL SOURCES:
  FirstCocoapodsProject:
    :path: "../"

SPEC CHECKSUMS:
  FirstCocoapodsProject: b214647543883304757e80dd462defa3046a0cf7

PODFILE CHECKSUM: 364f05bab36705321a1de3e98e9c6a980901eaec

COCOAPODS: 1.1.1
